
Microsoft Visual Studio Solution File, Format Version 12.00
# Visual Studio 15
VisualStudioVersion = 15.0.27428.2002
MinimumVisualStudioVersion = 10.0.40219.1
Project("{FAE04EC0-301F-11D3-BF4B-00C04F79EFBC}") = "magisterka", "magisterka\magisterka.csproj", "{426ED4A1-C25B-44D0-9B06-D7C7508DBFD0}"
EndProject
Project("{FAE04EC0-301F-11D3-BF4B-00C04F79EFBC}") = "Test", "Test\Test.csproj", "{4021AAF8-1E6A-4DBC-BF7A-5E874C7B1913}"
EndProject
Global
	GlobalSection(SolutionConfigurationPlatforms) = preSolution
		Debug|Any CPU = Debug|Any CPU
		Release|Any CPU = Release|Any CPU
	EndGlobalSection
	GlobalSection(ProjectConfigurationPlatforms) = postSolution
		{426ED4A1-C25B-44D0-9B06-D7C7508DBFD0}.Debug|Any CPU.ActiveCfg = Debug|Any CPU
		{426ED4A1-C25B-44D0-9B06-D7C7508DBFD0}.Debug|Any CPU.Build.0 = Debug|Any CPU
		{426ED4A1-C25B-44D0-9B06-D7C7508DBFD0}.Release|Any CPU.ActiveCfg = Release|Any CPU
		{426ED4A1-C25B-44D0-9B06-D7C7508DBFD0}.Release|Any CPU.Build.0 = Release|Any CPU
		{4021AAF8-1E6A-4DBC-BF7A-5E874C7B1913}.Debug|Any CPU.ActiveCfg = Debug|Any CPU
		{4021AAF8-1E6A-4DBC-BF7A-5E874C7B1913}.Debug|Any CPU.Build.0 = Debug|Any CPU
		{4021AAF8-1E6A-4DBC-BF7A-5E874C7B1913}.Release|Any CPU.ActiveCfg = Release|Any CPU
		{4021AAF8-1E6A-4DBC-BF7A-5E874C7B1913}.Release|Any CPU.Build.0 = Release|Any CPU
	EndGlobalSection
	GlobalSection(SolutionProperties) = preSolution
		HideSolutionNode = FALSE
	EndGlobalSection
	GlobalSection(ExtensibilityGlobals) = postSolution
		SolutionGuid = {A3B460E7-C2F0-4664-ABAE-95C45FFB932C}
	EndGlobalSection
EndGlobal
